
Microsoft Visual Studio Solution File, Format Version 12.00
# Visual Studio Express 2013 for Windows Desktop
VisualStudioVersion = 12.0.30723.0
MinimumVisualStudioVersion = 10.0.40219.1
Project("{FAE04EC0-301F-11D3-BF4B-00C04F79EFBC}") = "CalculaErro", "CalculaErro\CalculaErro.csproj", "{67BF9728-9DC3-4809-9716-E4F5487D0066}"
EndProject
Project("{FAE04EC0-301F-11D3-BF4B-00C04F79EFBC}") = "Frequencia", "Histograma\Frequencia.csproj", "{C4AC0665-1F3D-4B1E-B04B-D53A5D4CE1D7}"
EndProject
Project("{FAE04EC0-301F-11D3-BF4B-00C04F79EFBC}") = "QuantizaImagem", "QuantizaImagem\QuantizaImagem.csproj", "{3CB4C2BA-2BFA-4535-B870-FC82F5EFB659}"
EndProject
Project("{FAE04EC0-301F-11D3-BF4B-00C04F79EFBC}") = "AlgoritmoOctree", "AlgoritmoOctree\AlgoritmoOctree.csproj", "{322A97E3-092C-4A28-86AE-850BE7049C55}"
EndProject
Project("{FAE04EC0-301F-11D3-BF4B-00C04F79EFBC}") = "AlgoritmoSetores", "AlgoritmoMedia\AlgoritmoSetores.csproj", "{63865CBA-332B-4CE4-8C08-6EBDAE25A3A4}"
EndProject
Project("{2150E333-8FDC-42A3-9474-1A3956D46DE8}") = "Bibliotecas", "Bibliotecas", "{55F1BA0E-1D29-401D-BD42-D7D895420CFF}"
EndProject
Project("{2150E333-8FDC-42A3-9474-1A3956D46DE8}") = "Interface do Usuário", "Interface do Usuário", "{2D1037E3-2F1A-400B-BD6F-72617F6D4AA7}"
EndProject
Project("{FAE04EC0-301F-11D3-BF4B-00C04F79EFBC}") = "AnaliseImagens", "Teste\AnaliseImagens.csproj", "{42138ADC-1E29-418F-9E39-39C602DA95EA}"
EndProject
Global
	GlobalSection(TeamFoundationVersionControl) = preSolution
		SccNumberOfProjects = 7
		SccEnterpriseProvider = {4CA58AB2-18FA-4F8D-95D4-32DDF27D184C}
		SccTeamFoundationServer = https://alcsistemas.visualstudio.com/defaultcollection
		SccLocalPath0 = .
		SccProjectUniqueName1 = CalculaErro\\CalculaErro.csproj
		SccProjectTopLevelParentUniqueName1 = QuantizaçãoCor.sln
		SccProjectName1 = CalculaErro
		SccLocalPath1 = CalculaErro
		SccProjectUniqueName2 = QuantizaImagem\\QuantizaImagem.csproj
		SccProjectTopLevelParentUniqueName2 = QuantizaçãoCor.sln
		SccProjectName2 = QuantizaImagem
		SccLocalPath2 = QuantizaImagem
		SccProjectUniqueName3 = AlgoritmoOctree\\AlgoritmoOctree.csproj
		SccProjectTopLevelParentUniqueName3 = QuantizaçãoCor.sln
		SccProjectName3 = AlgoritmoOctree
		SccLocalPath3 = AlgoritmoOctree
		SccProjectUniqueName4 = Histograma\\Frequencia.csproj
		SccProjectTopLevelParentUniqueName4 = QuantizaçãoCor.sln
		SccProjectName4 = Histograma
		SccLocalPath4 = Histograma
		SccProjectUniqueName5 = AlgoritmoMedia\\AlgoritmoSetores.csproj
		SccProjectTopLevelParentUniqueName5 = QuantizaçãoCor.sln
		SccProjectName5 = AlgoritmoMedia
		SccLocalPath5 = AlgoritmoMedia
		SccProjectUniqueName6 = Teste\\AnaliseImagens.csproj
		SccProjectTopLevelParentUniqueName6 = QuantizaçãoCor.sln
		SccProjectName6 = Teste
		SccLocalPath6 = Teste
	EndGlobalSection
	GlobalSection(SolutionConfigurationPlatforms) = preSolution
		Debug|Any CPU = Debug|Any CPU
		Release|Any CPU = Release|Any CPU
	EndGlobalSection
	GlobalSection(ProjectConfigurationPlatforms) = postSolution
		{67BF9728-9DC3-4809-9716-E4F5487D0066}.Debug|Any CPU.ActiveCfg = Debug|Any CPU
		{67BF9728-9DC3-4809-9716-E4F5487D0066}.Debug|Any CPU.Build.0 = Debug|Any CPU
		{67BF9728-9DC3-4809-9716-E4F5487D0066}.Release|Any CPU.ActiveCfg = Release|Any CPU
		{67BF9728-9DC3-4809-9716-E4F5487D0066}.Release|Any CPU.Build.0 = Release|Any CPU
		{C4AC0665-1F3D-4B1E-B04B-D53A5D4CE1D7}.Debug|Any CPU.ActiveCfg = Debug|Any CPU
		{C4AC0665-1F3D-4B1E-B04B-D53A5D4CE1D7}.Debug|Any CPU.Build.0 = Debug|Any CPU
		{C4AC0665-1F3D-4B1E-B04B-D53A5D4CE1D7}.Release|Any CPU.ActiveCfg = Release|Any CPU
		{C4AC0665-1F3D-4B1E-B04B-D53A5D4CE1D7}.Release|Any CPU.Build.0 = Release|Any CPU
		{3CB4C2BA-2BFA-4535-B870-FC82F5EFB659}.Debug|Any CPU.ActiveCfg = Debug|Any CPU
		{3CB4C2BA-2BFA-4535-B870-FC82F5EFB659}.Debug|Any CPU.Build.0 = Debug|Any CPU
		{3CB4C2BA-2BFA-4535-B870-FC82F5EFB659}.Release|Any CPU.ActiveCfg = Release|Any CPU
		{3CB4C2BA-2BFA-4535-B870-FC82F5EFB659}.Release|Any CPU.Build.0 = Release|Any CPU
		{322A97E3-092C-4A28-86AE-850BE7049C55}.Debug|Any CPU.ActiveCfg = Debug|Any CPU
		{322A97E3-092C-4A28-86AE-850BE7049C55}.Debug|Any CPU.Build.0 = Debug|Any CPU
		{322A97E3-092C-4A28-86AE-850BE7049C55}.Release|Any CPU.ActiveCfg = Release|Any CPU
		{322A97E3-092C-4A28-86AE-850BE7049C55}.Release|Any CPU.Build.0 = Release|Any CPU
		{63865CBA-332B-4CE4-8C08-6EBDAE25A3A4}.Debug|Any CPU.ActiveCfg = Debug|Any CPU
		{63865CBA-332B-4CE4-8C08-6EBDAE25A3A4}.Debug|Any CPU.Build.0 = Debug|Any CPU
		{63865CBA-332B-4CE4-8C08-6EBDAE25A3A4}.Release|Any CPU.ActiveCfg = Release|Any CPU
		{63865CBA-332B-4CE4-8C08-6EBDAE25A3A4}.Release|Any CPU.Build.0 = Release|Any CPU
		{42138ADC-1E29-418F-9E39-39C602DA95EA}.Debug|Any CPU.ActiveCfg = Debug|Any CPU
		{42138ADC-1E29-418F-9E39-39C602DA95EA}.Debug|Any CPU.Build.0 = Debug|Any CPU
		{42138ADC-1E29-418F-9E39-39C602DA95EA}.Release|Any CPU.ActiveCfg = Release|Any CPU
		{42138ADC-1E29-418F-9E39-39C602DA95EA}.Release|Any CPU.Build.0 = Release|Any CPU
	EndGlobalSection
	GlobalSection(SolutionProperties) = preSolution
		HideSolutionNode = FALSE
	EndGlobalSection
	GlobalSection(NestedProjects) = preSolution
		{67BF9728-9DC3-4809-9716-E4F5487D0066} = {55F1BA0E-1D29-401D-BD42-D7D895420CFF}
		{C4AC0665-1F3D-4B1E-B04B-D53A5D4CE1D7} = {55F1BA0E-1D29-401D-BD42-D7D895420CFF}
		{3CB4C2BA-2BFA-4535-B870-FC82F5EFB659} = {2D1037E3-2F1A-400B-BD6F-72617F6D4AA7}
		{322A97E3-092C-4A28-86AE-850BE7049C55} = {55F1BA0E-1D29-401D-BD42-D7D895420CFF}
		{63865CBA-332B-4CE4-8C08-6EBDAE25A3A4} = {55F1BA0E-1D29-401D-BD42-D7D895420CFF}
		{42138ADC-1E29-418F-9E39-39C602DA95EA} = {2D1037E3-2F1A-400B-BD6F-72617F6D4AA7}
	EndGlobalSection
EndGlobal
